// !$*UTF8*$!
{
	archiveVersion = 1;
	classes = {
	};
	objectVersion = 46;
	objects = {

/* Begin PBXBuildFile section */
		3B4C07161C30550D001DC507 /* AppDelegate.swift in Sources */ = {isa = PBXBuildFile; fileRef = 3B4C07151C30550D001DC507 /* AppDelegate.swift */; };
		3B4C07181C30550D001DC507 /* ViewController.swift in Sources */ = {isa = PBXBuildFile; fileRef = 3B4C07171C30550D001DC507 /* ViewController.swift */; };
		3B4C071B1C30550D001DC507 /* Main.storyboard in Resources */ = {isa = PBXBuildFile; fileRef = 3B4C07191C30550D001DC507 /* Main.storyboard */; };
		3B4C071D1C30550D001DC507 /* Assets.xcassets in Resources */ = {isa = PBXBuildFile; fileRef = 3B4C071C1C30550D001DC507 /* Assets.xcassets */; };
		3B4C07201C30550D001DC507 /* LaunchScreen.storyboard in Resources */ = {isa = PBXBuildFile; fileRef = 3B4C071E1C30550D001DC507 /* LaunchScreen.storyboard */; };
/* End PBXBuildFile section */

/* Begin PBXFileReference section */
		3B4C07121C30550D001DC507 /* love.app */ = {isa = PBXFileReference; explicitFileType = wrapper.application; includeInIndex = 0; path = love.app; sourceTree = BUILT_PRODUCTS_DIR; };
		3B4C07151C30550D001DC507 /* AppDelegate.swift */ = {isa = PBXFileReference; lastKnownFileType = sourcecode.swift; path = AppDelegate.swift; sourceTree = "<group>"; };
		3B4C07171C30550D001DC507 /* ViewController.swift */ = {isa = PBXFileReference; lastKnownFileType = sourcecode.swift; path = ViewController.swift; sourceTree = "<group>"; };
		3B4C071A1C30550D001DC507 /* Base */ = {isa = PBXFileReference; lastKnownFileType = file.storyboard; name = Base; path = Base.lproj/Main.storyboard; sourceTree = "<group>"; };
		3B4C071C1C30550D001DC507 /* Assets.xcassets */ = {isa = PBXFileReference; lastKnownFileType = folder.assetcatalog; path = Assets.xcassets; sourceTree = "<group>"; };
		3B4C071F1C30550D001DC507 /* Base */ = {isa = PBXFileReference; lastKnownFileType = file.storyboard; name = Base; path = Base.lproj/LaunchScreen.storyboard; sourceTree = "<group>"; };
		3B4C07211C30550D001DC507 /* Info.plist */ = {isa = PBXFileReference; lastKnownFileType = text.plist.xml; path = Info.plist; sourceTree = "<group>"; };
/* End PBXFileReference section */

/* Begin PBXFrameworksBuildPhase section */
		3B4C070F1C30550D001DC507 /* Frameworks */ = {
			isa = PBXFrameworksBuildPhase;
			buildActionMask = 2147483647;
			files = (
			);
			runOnlyForDeploymentPostprocessing = 0;
		};
/* End PBXFrameworksBuildPhase section */

/* Begin PBXGroup section */
		3B4C07091C30550D001DC507 = {
			isa = PBXGroup;
			children = (
				3B4C07141C30550D001DC507 /* love */,
				3B4C07131C30550D001DC507 /* Products */,
			);
			sourceTree = "<group>";
		};
		3B4C07131C30550D001DC507 /* Products */ = {
			isa = PBXGroup;
			children = (
				3B4C07121C30550D001DC507 /* love.app */,
			);
			name = Products;
			sourceTree = "<group>";
		};
		3B4C07141C30550D001DC507 /* love */ = {
			isa = PBXGroup;
			children = (
				3B4C07151C30550D001DC507 /* AppDelegate.swift */,
				3B4C07171C30550D001DC507 /* ViewController.swift */,
				3B4C07191C30550D001DC507 /* Main.storyboard */,
				3B4C071C1C30550D001DC507 /* Assets.xcassets */,
				3B4C071E1C30550D001DC507 /* LaunchScreen.storyboard */,
				3B4C07211C30550D001DC507 /* Info.plist */,
			);
			path = love;
			sourceTree = "<group>";
		};
/* End PBXGroup section */

/* Begin PBXNativeTarget section */
		3B4C07111C30550D001DC507 /* love */ = {
			isa = PBXNativeTarget;
			buildConfigurationList = 3B4C07241C30550D001DC507 /* Build configuration list for PBXNativeTarget "love" */;
			buildPhases = (
				3B4C070E1C30550D001DC507 /* Sources */,
				3B4C070F1C30550D001DC507 /* Frameworks */,
				3B4C07101C30550D001DC507 /* Resources */,
			);
			buildRules = (
			);
			dependencies = (
			);
			name = love;
			productName = love;
			productReference = 3B4C07121C30550D001DC507 /* love.app */;
			productType = "com.apple.product-type.application";
		};
/* End PBXNativeTarget section */

/* Begin PBXProject section */
		3B4C070A1C30550D001DC507 /* Project object */ = {
			isa = PBXProject;
			attributes = {
				LastSwiftUpdateCheck = 0720;
				LastUpgradeCheck = 0720;
				ORGANIZATIONNAME = "abderrahim gdah";
				TargetAttributes = {
					3B4C07111C30550D001DC507 = {
						CreatedOnToolsVersion = 7.2;
					};
				};
			};
			buildConfigurationList = 3B4C070D1C30550D001DC507 /* Build configuration list for PBXProject "love" */;
			compatibilityVersion = "Xcode 3.2";
			developmentRegion = English;
			hasScannedForEncodings = 0;
			knownRegions = (
				en,
				Base,
			);
			mainGroup = 3B4C07091C30550D001DC507;
			productRefGroup = 3B4C07131C30550D001DC507 /* Products */;
			projectDirPath = "";
			projectRoot = "";
			targets = (
				3B4C07111C30550D001DC507 /* love */,
			);
		};
/* End PBXProject section */

/* Begin PBXResourcesBuildPhase section */
		3B4C07101C30550D001DC507 /* Resources */ = {
			isa = PBXResourcesBuildPhase;
			buildActionMask = 2147483647;
			files = (
				3B4C07201C30550D001DC507 /* LaunchScreen.storyboard in Resources */,
				3B4C071D1C30550D001DC507 /* Assets.xcassets in Resources */,
				3B4C071B1C30550D001DC507 /* Main.storyboard in Resources */,
			);
			runOnlyForDeploymentPostprocessing = 0;
		};
/* End PBXResourcesBuildPhase section */

/* Begin PBXSourcesBuildPhase section */
		3B4C070E1C30550D001DC507 /* Sources */ = {
			isa = PBXSourcesBuildPhase;
			buildActionMask = 2147483647;
			files = (
				3B4C07181C30550D001DC507 /* ViewController.swift in Sources */,
				3B4C07161C30550D001DC507 /* AppDelegate.swift in Sources */,
			);
			runOnlyForDeploymentPostprocessing = 0;
		};
/* End PBXSourcesBuildPhase section */

/* Begin PBXVariantGroup section */
		3B4C07191C30550D001DC507 /* Main.storyboard */ = {
			isa = PBXVariantGroup;
			children = (
				3B4C071A1C30550D001DC507 /* Base */,
			);
			name = Main.storyboard;
			sourceTree = "<group>";
		};
		3B4C071E1C30550D001DC507 /* LaunchScreen.storyboard */ = {
			isa = PBXVariantGroup;
			children = (
				3B4C071F1C30550D001DC507 /* Base */,
			);
			name = LaunchScreen.storyboard;
			sourceTree = "<group>";
		};
/* End PBXVariantGroup section */

/* Begin XCBuildConfiguration section */
		3B4C07221C30550D001DC507 /* Debug */ = {
			isa = XCBuildConfiguration;
			buildSettings = {
				ALWAYS_SEARCH_USER_PATHS = NO;
				CLANG_CXX_LANGUAGE_STANDARD = "gnu++0x";
				CLANG_CXX_LIBRARY = "libc++";
				CLANG_ENABLE_MODULES = YES;
				CLANG_ENABLE_OBJC_ARC = YES;
				CLANG_WARN_BOOL_CONVERSION = YES;
				CLANG_WARN_CONSTANT_CONVERSION = YES;
				CLANG_WARN_DIRECT_OBJC_ISA_USAGE = YES_ERROR;
				CLANG_WARN_EMPTY_BODY = YES;
				CLANG_WARN_ENUM_CONVERSION = YES;
				CLANG_WARN_INT_CONVERSION = YES;
				CLANG_WARN_OBJC_ROOT_CLASS = YES_ERROR;
				CLANG_WARN_UNREACHABLE_CODE = YES;
				CLANG_WARN__DUPLICATE_METHOD_MATCH = YES;
				"CODE_SIGN_IDENTITY[sdk=iphoneos*]" = "iPhone Developer";
				COPY_PHASE_STRIP = NO;
				DEBUG_INFORMATION_FORMAT = dwarf;
				ENABLE_STRICT_OBJC_MSGSEND = YES;
				ENABLE_TESTABILITY = YES;
				GCC_C_LANGUAGE_STANDARD = gnu99;
				GCC_DYNAMIC_NO_PIC = NO;
				GCC_NO_COMMON_BLOCKS = YES;
				GCC_OPTIMIZATION_LEVEL = 0;
				GCC_PREPROCESSOR_DEFINITIONS = (
					"DEBUG=1",
					"$(inherited)",
				);
				GCC_WARN_64_TO_32_BIT_CONVERSION = YES;
				GCC_WARN_ABOUT_RETURN_TYPE = YES_ERROR;
				GCC_WARN_UNDECLARED_SELECTOR = YES;
				GCC_WARN_UNINITIALIZED_AUTOS = YES_AGGRESSIVE;
				GCC_WARN_UNUSED_FUNCTION = YES;
				GCC_WARN_UNUSED_VARIABLE = YES;
				IPHONEOS_DEPLOYMENT_TARGET = 9.2;
				MTL_ENABLE_DEBUG_INFO = YES;
				ONLY_ACTIVE_ARCH = YES;
				SDKROOT = iphoneos;
				SWIFT_OPTIMIZATION_LEVEL = "-Onone";
			};
			name = Debug;
		};
		3B4C07231C30550D001DC507 /* Release */ = {
			isa = XCBuildConfiguration;
			buildSettings = {
				ALWAYS_SEARCH_USER_PATHS = NO;
				CLANG_CXX_LANGUAGE_STANDARD = "gnu++0x";
				CLANG_CXX_LIBRARY = "libc++";
				CLANG_ENABLE_MODULES = YES;
				CLANG_ENABLE_OBJC_ARC = YES;
				CLANG_WARN_BOOL_CONVERSION = YES;
				CLANG_WARN_CONSTANT_CONVERSION = YES;
				CLANG_WARN_DIRECT_OBJC_ISA_USAGE = YES_ERROR;
				CLANG_WARN_EMPTY_BODY = YES;
				CLANG_WARN_ENUM_CONVERSION = YES;
				CLANG_WARN_INT_CONVERSION = YES;
				CLANG_WARN_OBJC_ROOT_CLASS = YES_ERROR;
				CLANG_WARN_UNREACHABLE_CODE = YES;
				CLANG_WARN__DUPLICATE_METHOD_MATCH = YES;
				"CODE_SIGN_IDENTITY[sdk=iphoneos*]" = "iPhone Developer";
				COPY_PHASE_STRIP = NO;
				DEBUG_INFORMATION_FORMAT = "dwarf-with-dsym";
				ENABLE_NS_ASSERTIONS = NO;
				ENABLE_STRICT_OBJC_MSGSEND = YES;
				GCC_C_LANGUAGE_STANDARD = gnu99;
				GCC_NO_COMMON_BLOCKS = YES;
				GCC_WARN_64_TO_32_BIT_CONVERSION = YES;
				GCC_WARN_ABOUT_RETURN_TYPE = YES_ERROR;
				GCC_WARN_UNDECLARED_SELECTOR = YES;
				GCC_WARN_UNINITIALIZED_AUTOS = YES_AGGRESSIVE;
				GCC_WARN_UNUSED_FUNCTION = YES;
				GCC_WARN_UNUSED_VARIABLE = YES;
				IPHONEOS_DEPLOYMENT_TARGET = 9.2;
				MTL_ENABLE_DEBUG_INFO = NO;
				SDKROOT = iphoneos;
				VALIDATE_PRODUCT = YES;
			};
			name = Release;
		};
		3B4C07251C30550D001DC507 /* Debug */ = {
			isa = XCBuildConfiguration;
			buildSettings = {
				ASSETCATALOG_COMPILER_APPICON_NAME = AppIcon;
				INFOPLIST_FILE = love/Info.plist;
				LD_RUNPATH_SEARCH_PATHS = "$(inherited) @executable_path/Frameworks";
				PRODUCT_BUNDLE_IDENTIFIER = gdahboy.love;
				PRODUCT_NAME = "$(TARGET_NAME)";
			};
			name = Debug;
		};
		3B4C07261C30550D001DC507 /* Release */ = {
			isa = XCBuildConfiguration;
			buildSettings = {
				ASSETCATALOG_COMPILER_APPICON_NAME = AppIcon;
				INFOPLIST_FILE = love/Info.plist;
				LD_RUNPATH_SEARCH_PATHS = "$(inherited) @executable_path/Frameworks";
				PRODUCT_BUNDLE_IDENTIFIER = gdahboy.love;
				PRODUCT_NAME = "$(TARGET_NAME)";
			};
			name = Release;
		};
/* End XCBuildConfiguration section */

/* Begin XCConfigurationList section */
		3B4C070D1C30550D001DC507 /* Build configuration list for PBXProject "love" */ = {
			isa = XCConfigurationList;
			buildConfigurations = (
				3B4C07221C30550D001DC507 /* Debug */,
				3B4C07231C30550D001DC507 /* Release */,
			);
			defaultConfigurationIsVisible = 0;
			defaultConfigurationName = Release;
		};
		3B4C07241C30550D001DC507 /* Build configuration list for PBXNativeTarget "love" */ = {
			isa = XCConfigurationList;
			buildConfigurations = (
				3B4C07251C30550D001DC507 /* Debug */,
				3B4C07261C30550D001DC507 /* Release */,
			);
			defaultConfigurationIsVisible = 0;
		};
/* End XCConfigurationList section */
	};
	rootObject = 3B4C070A1C30550D001DC507 /* Project object */;
}
